
Microsoft Visual Studio Solution File, Format Version 12.00
# Visual Studio Version 17
VisualStudioVersion = 17.3.32922.545
MinimumVisualStudioVersion = 10.0.40219.1
Project("{9A19103F-16F7-4668-BE54-9A1E7A4F7556}") = "WinFormsTop", "WinFormsTop\WinFormsTop.csproj", "{3317C75A-1B9A-4332-B8EA-37B199F7AD64}"
EndProject
Project("{9A19103F-16F7-4668-BE54-9A1E7A4F7556}") = "TestCode", "TestCode\TestCode.csproj", "{350707F7-046C-497C-8529-99A538B790ED}"
EndProject
Project("{FAE04EC0-301F-11D3-BF4B-00C04F79EFBC}") = "WpfAppStudy", "WpfAppStudy\WpfAppStudy.csproj", "{9C9C8C13-7461-428C-8D86-0F6BA1271FCF}"
EndProject
Global
	GlobalSection(SolutionConfigurationPlatforms) = preSolution
		Debug|Any CPU = Debug|Any CPU
		Release|Any CPU = Release|Any CPU
	EndGlobalSection
	GlobalSection(ProjectConfigurationPlatforms) = postSolution
		{3317C75A-1B9A-4332-B8EA-37B199F7AD64}.Debug|Any CPU.ActiveCfg = Debug|Any CPU
		{3317C75A-1B9A-4332-B8EA-37B199F7AD64}.Debug|Any CPU.Build.0 = Debug|Any CPU
		{3317C75A-1B9A-4332-B8EA-37B199F7AD64}.Release|Any CPU.ActiveCfg = Release|Any CPU
		{3317C75A-1B9A-4332-B8EA-37B199F7AD64}.Release|Any CPU.Build.0 = Release|Any CPU
		{350707F7-046C-497C-8529-99A538B790ED}.Debug|Any CPU.ActiveCfg = Debug|Any CPU
		{350707F7-046C-497C-8529-99A538B790ED}.Debug|Any CPU.Build.0 = Debug|Any CPU
		{350707F7-046C-497C-8529-99A538B790ED}.Release|Any CPU.ActiveCfg = Release|Any CPU
		{350707F7-046C-497C-8529-99A538B790ED}.Release|Any CPU.Build.0 = Release|Any CPU
		{9C9C8C13-7461-428C-8D86-0F6BA1271FCF}.Debug|Any CPU.ActiveCfg = Debug|Any CPU
		{9C9C8C13-7461-428C-8D86-0F6BA1271FCF}.Debug|Any CPU.Build.0 = Debug|Any CPU
		{9C9C8C13-7461-428C-8D86-0F6BA1271FCF}.Release|Any CPU.ActiveCfg = Release|Any CPU
		{9C9C8C13-7461-428C-8D86-0F6BA1271FCF}.Release|Any CPU.Build.0 = Release|Any CPU
	EndGlobalSection
	GlobalSection(SolutionProperties) = preSolution
		HideSolutionNode = FALSE
	EndGlobalSection
	GlobalSection(ExtensibilityGlobals) = postSolution
		SolutionGuid = {840E132E-4C8D-48DA-AD06-60664516CE24}
	EndGlobalSection
EndGlobal
